<?xml version="1.0" encoding="utf-8"?>
<Project ToolsVersion="4.0" xmlns="http://schemas.microsoft.com/developer/msbuild/2003">
  <ItemGroup>
    <Filter Include="content" />
    <Filter Include="core" />
    <Filter Include="gameplay" />
    <Filter Include="network" />
    <Filter Include="persistence" />
    <Filter Include="world" />
  </ItemGroup>
  <ItemGroup>
    <ClCompile Include="src\content\configmanager.cpp"><Filter>content</Filter></ClCompile>
    <ClInclude Include="src\content\configmanager.h"><Filter>content</Filter></ClInclude>
    <ClInclude Include="src\content\content_files.h"><Filter>content</Filter></ClInclude>
    <ClInclude Include="src\content\content_validation.h"><Filter>content</Filter></ClInclude>
    <ClCompile Include="src\content\contentexport.cpp"><Filter>content</Filter></ClCompile>
    <ClInclude Include="src\content\contentexport.h"><Filter>content</Filter></ClInclude>
    <ClCompile Include="src\content\scenario_compile.cpp"><Filter>content</Filter></ClCompile>
    <ClInclude Include="src\content\scenario_compile.h"><Filter>content</Filter></ClInclude>
    <ClCompile Include="src\content\scenario_project.cpp"><Filter>content</Filter></ClCompile>
    <ClInclude Include="src\content\scenario_project.h"><Filter>content</Filter></ClInclude>
    <ClInclude Include="src\content\xml_utils.h"><Filter>content</Filter></ClInclude>
    <ClInclude Include="src\core\const.h"><Filter>core</Filter></ClInclude>
    <ClInclude Include="src\core\definitions.h"><Filter>core</Filter></ClInclude>
    <ClCompile Include="src\core\prevast_server.cpp"><Filter>core</Filter></ClCompile>
    <ClInclude Include="src\core\prevast_server.h"><Filter>core</Filter></ClInclude>
    <ClInclude Include="src\core\enums.h"><Filter>core</Filter></ClInclude>
    <ClInclude Include="src\core\lockfree.h"><Filter>core</Filter></ClInclude>
    <ClCompile Include="src\core\main.cpp"><Filter>core</Filter></ClCompile>
    <ClCompile Include="src\core\otpch.cpp"><Filter>core</Filter></ClCompile>
    <ClInclude Include="src\core\otpch.h"><Filter>core</Filter></ClInclude>
    <ClInclude Include="src\core\perf.h"><Filter>core</Filter></ClInclude>
    <ClCompile Include="src\core\position.cpp"><Filter>core</Filter></ClCompile>
    <ClInclude Include="src\core\position.h"><Filter>core</Filter></ClInclude>
    <ClInclude Include="src\core\pugicast.h"><Filter>core</Filter></ClInclude>
    <ClCompile Include="src\core\scheduler.cpp"><Filter>core</Filter></ClCompile>
    <ClInclude Include="src\core\scheduler.h"><Filter>core</Filter></ClInclude>
    <ClInclude Include="src\core\security_budget.h"><Filter>core</Filter></ClInclude>
    <ClCompile Include="src\core\signals.cpp"><Filter>core</Filter></ClCompile>
    <ClInclude Include="src\core\signals.h"><Filter>core</Filter></ClInclude>
    <ClCompile Include="src\core\tasks.cpp"><Filter>core</Filter></ClCompile>
    <ClInclude Include="src\core\tasks.h"><Filter>core</Filter></ClInclude>
    <ClInclude Include="src\core\thread_holder_base.h"><Filter>core</Filter></ClInclude>
    <ClCompile Include="src\core\tools.cpp"><Filter>core</Filter></ClCompile>
    <ClInclude Include="src\core\tools.h"><Filter>core</Filter></ClInclude>
    <ClCompile Include="src\gameplay\agent.cpp"><Filter>gameplay</Filter></ClCompile>
    <ClInclude Include="src\gameplay\agent.h"><Filter>gameplay</Filter></ClInclude>
    <ClCompile Include="src\gameplay\condition.cpp"><Filter>gameplay</Filter></ClCompile>
    <ClInclude Include="src\gameplay\condition.h"><Filter>gameplay</Filter></ClInclude>
    <ClCompile Include="src\gameplay\creature.cpp"><Filter>gameplay</Filter></ClCompile>
    <ClInclude Include="src\gameplay\creature.h"><Filter>gameplay</Filter></ClInclude>
    <ClInclude Include="src\gameplay\economy.h"><Filter>gameplay</Filter></ClInclude>
    <ClCompile Include="src\gameplay\equipment.cpp"><Filter>gameplay</Filter></ClCompile>
    <ClInclude Include="src\gameplay\equipment.h"><Filter>gameplay</Filter></ClInclude>
    <ClCompile Include="src\gameplay\weapon_mods.cpp"><Filter>gameplay</Filter></ClCompile>
    <ClCompile Include="src\gameplay\weapon_mods_selftest.cpp"><Filter>gameplay</Filter></ClCompile>
    <ClCompile Include="src\gameplay\aim_view.cpp"><Filter>gameplay</Filter></ClCompile>
    <ClCompile Include="src\gameplay\aim_view_selftest.cpp"><Filter>gameplay</Filter></ClCompile>
    <ClInclude Include="src\gameplay\weapon_mod_types.h"><Filter>gameplay</Filter></ClInclude>
    <ClInclude Include="src\gameplay\weapon_mods.h"><Filter>gameplay</Filter></ClInclude>
    <ClInclude Include="src\gameplay\aim_view.h"><Filter>gameplay</Filter></ClInclude>
    <ClCompile Include="src\gameplay\game.cpp"><Filter>gameplay</Filter></ClCompile>
    <ClInclude Include="src\gameplay\game.h"><Filter>gameplay</Filter></ClInclude>
    <ClCompile Include="src\gameplay\game_admin.cpp"><Filter>gameplay</Filter></ClCompile>
    <ClCompile Include="src\gameplay\game_agents.cpp"><Filter>gameplay</Filter></ClCompile>
    <ClCompile Include="src\gameplay\game_clans.cpp"><Filter>gameplay</Filter></ClCompile>
    <ClCompile Include="src\gameplay\game_ghoul.cpp"><Filter>gameplay</Filter></ClCompile>
    <ClCompile Include="src\gameplay\game_look.cpp"><Filter>gameplay</Filter></ClCompile>
    <ClCompile Include="src\gameplay\game_trade.cpp"><Filter>gameplay</Filter></ClCompile>
    <ClCompile Include="src\gameplay\groups.cpp"><Filter>gameplay</Filter></ClCompile>
    <ClInclude Include="src\gameplay\groups.h"><Filter>gameplay</Filter></ClInclude>
    <ClCompile Include="src\gameplay\inventory.cpp"><Filter>gameplay</Filter></ClCompile>
    <ClInclude Include="src\gameplay\inventory.h"><Filter>gameplay</Filter></ClInclude>
    <ClCompile Include="src\gameplay\item.cpp"><Filter>gameplay</Filter></ClCompile>
    <ClInclude Include="src\gameplay\item.h"><Filter>gameplay</Filter></ClInclude>
    <ClCompile Include="src\gameplay\kit.cpp"><Filter>gameplay</Filter></ClCompile>
    <ClInclude Include="src\gameplay\kit.h"><Filter>gameplay</Filter></ClInclude>
    <ClCompile Include="src\gameplay\loot.cpp"><Filter>gameplay</Filter></ClCompile>
    <ClInclude Include="src\gameplay\loot.h"><Filter>gameplay</Filter></ClInclude>
    <ClCompile Include="src\gameplay\loot_placement.cpp"><Filter>gameplay</Filter></ClCompile>
    <ClCompile Include="src\gameplay\loot_placement_selftest.cpp"><Filter>gameplay</Filter></ClCompile>
    <ClInclude Include="src\gameplay\loot_placement.h"><Filter>gameplay</Filter></ClInclude>
    <ClCompile Include="src\gameplay\npc.cpp"><Filter>gameplay</Filter></ClCompile>
    <ClInclude Include="src\gameplay\npc.h"><Filter>gameplay</Filter></ClInclude>
    <ClCompile Include="src\gameplay\npc_content.cpp"><Filter>gameplay</Filter></ClCompile>
    <ClCompile Include="src\gameplay\npc_economy.cpp"><Filter>gameplay</Filter></ClCompile>
    <ClCompile Include="src\gameplay\npc_script.cpp"><Filter>gameplay</Filter></ClCompile>
    <ClCompile Include="src\gameplay\npc_stock.cpp"><Filter>gameplay</Filter></ClCompile>
    <ClCompile Include="src\gameplay\object.cpp"><Filter>gameplay</Filter></ClCompile>
    <ClInclude Include="src\gameplay\object.h"><Filter>gameplay</Filter></ClInclude>
    <ClCompile Include="src\gameplay\player.cpp"><Filter>gameplay</Filter></ClCompile>
    <ClInclude Include="src\gameplay\player.h"><Filter>gameplay</Filter></ClInclude>
    <ClCompile Include="src\gameplay\projectile.cpp"><Filter>gameplay</Filter></ClCompile>
    <ClInclude Include="src\gameplay\projectile.h"><Filter>gameplay</Filter></ClInclude>
    <ClCompile Include="src\gameplay\resource.cpp"><Filter>gameplay</Filter></ClCompile>
    <ClCompile Include="src\gameplay\progress\game_event.cpp"><Filter>gameplay</Filter></ClCompile>
    <ClCompile Include="src\gameplay\quests\quest_loader.cpp"><Filter>gameplay</Filter></ClCompile>
    <ClCompile Include="src\gameplay\quests\quest_selftest.cpp"><Filter>gameplay</Filter></ClCompile>
    <ClCompile Include="src\gameplay\quests\quest_engine.cpp"><Filter>gameplay</Filter></ClCompile>
    <ClCompile Include="src\gameplay\quests\quest_system.cpp"><Filter>gameplay</Filter></ClCompile>
    <ClCompile Include="src\gameplay\scenarios\scenario_population.cpp"><Filter>gameplay</Filter></ClCompile>
    <ClCompile Include="src\gameplay\scenarios\scenario_regions.cpp"><Filter>gameplay</Filter></ClCompile>
    <ClCompile Include="src\gameplay\scenarios\scenario_runtime.cpp"><Filter>gameplay</Filter></ClCompile>
    <ClCompile Include="src\gameplay\quests\quest_journal.cpp"><Filter>gameplay</Filter></ClCompile>
    <ClCompile Include="src\gameplay\progress\progress_loader.cpp"><Filter>gameplay</Filter></ClCompile>
    <ClCompile Include="src\gameplay\progress\progress_system.cpp"><Filter>gameplay</Filter></ClCompile>
    <ClCompile Include="src\gameplay\progress\account_runs.cpp"><Filter>gameplay</Filter></ClCompile>
    <ClCompile Include="src\gameplay\progress\progress_selftest.cpp"><Filter>gameplay</Filter></ClCompile>
    <ClCompile Include="src\gameplay\scripts\lua_script.cpp"><Filter>gameplay</Filter></ClCompile>
    <ClCompile Include="src\gameplay\scripts\script_system.cpp"><Filter>gameplay</Filter></ClCompile>
    <ClInclude Include="src\gameplay\resource.h"><Filter>gameplay</Filter></ClInclude>
    <ClInclude Include="src\gameplay\trade.h"><Filter>gameplay</Filter></ClInclude>
    <ClInclude Include="src\gameplay\progress\game_event.h"><Filter>gameplay</Filter></ClInclude>
    <ClInclude Include="src\gameplay\quests\quest_definition.h"><Filter>gameplay</Filter></ClInclude>
    <ClInclude Include="src\gameplay\quests\quest_loader.h"><Filter>gameplay</Filter></ClInclude>
    <ClInclude Include="src\gameplay\quests\quest_selftest.h"><Filter>gameplay</Filter></ClInclude>
    <ClInclude Include="src\gameplay\quests\quest_engine.h"><Filter>gameplay</Filter></ClInclude>
    <ClInclude Include="src\gameplay\quests\quest_system.h"><Filter>gameplay</Filter></ClInclude>
    <ClInclude Include="src\gameplay\scenarios\scenario_population.h"><Filter>gameplay</Filter></ClInclude>
    <ClInclude Include="src\gameplay\scenarios\scenario_regions.h"><Filter>gameplay</Filter></ClInclude>
    <ClInclude Include="src\gameplay\scenarios\scenario_rng.h"><Filter>gameplay</Filter></ClInclude>
    <ClInclude Include="src\gameplay\scenarios\scenario_runtime.h"><Filter>gameplay</Filter></ClInclude>
    <ClInclude Include="src\gameplay\quests\quest_journal.h"><Filter>gameplay</Filter></ClInclude>
    <ClInclude Include="src\gameplay\progress\progress_definition.h"><Filter>gameplay</Filter></ClInclude>
    <ClInclude Include="src\gameplay\progress\progress_loader.h"><Filter>gameplay</Filter></ClInclude>
    <ClInclude Include="src\gameplay\progress\progress_system.h"><Filter>gameplay</Filter></ClInclude>
    <ClInclude Include="src\gameplay\progress\account_runs.h"><Filter>gameplay</Filter></ClInclude>
    <ClInclude Include="src\gameplay\scripts\lua_script.h"><Filter>gameplay</Filter></ClInclude>
    <ClInclude Include="src\gameplay\scripts\script_system.h"><Filter>gameplay</Filter></ClInclude>
    <ClCompile Include="src\network\account_ticket.cpp"><Filter>network</Filter></ClCompile>
    <ClInclude Include="src\network\account_ticket.h"><Filter>network</Filter></ClInclude>
    <ClCompile Include="src\network\login_identity.cpp"><Filter>network</Filter></ClCompile>
    <ClInclude Include="src\network\login_identity.h"><Filter>network</Filter></ClInclude>
    <ClCompile Include="src\network\disconnect_reason.cpp"><Filter>network</Filter></ClCompile>
    <ClInclude Include="src\network\disconnect_reason.h"><Filter>network</Filter></ClInclude>
    <ClCompile Include="src\network\connection.cpp"><Filter>network</Filter></ClCompile>
    <ClInclude Include="src\network\connection.h"><Filter>network</Filter></ClInclude>
    <ClCompile Include="src\network\networkmessage.cpp"><Filter>network</Filter></ClCompile>
    <ClInclude Include="src\network\networkmessage.h"><Filter>network</Filter></ClInclude>
    <ClInclude Include="src\network\opcodes.h"><Filter>network</Filter></ClInclude>
    <ClCompile Include="src\network\outputmessage.cpp"><Filter>network</Filter></ClCompile>
    <ClInclude Include="src\network\outputmessage.h"><Filter>network</Filter></ClInclude>
    <ClCompile Include="src\network\protocol.cpp"><Filter>network</Filter></ClCompile>
    <ClInclude Include="src\network\protocol.h"><Filter>network</Filter></ClInclude>
    <ClCompile Include="src\network\protocolgame.cpp"><Filter>network</Filter></ClCompile>
    <ClInclude Include="src\network\protocolgame.h"><Filter>network</Filter></ClInclude>
    <ClCompile Include="src\network\protocolstatus.cpp"><Filter>network</Filter></ClCompile>
    <ClInclude Include="src\network\protocolstatus.h"><Filter>network</Filter></ClInclude>
    <ClCompile Include="src\network\server.cpp"><Filter>network</Filter></ClCompile>
    <ClInclude Include="src\network\server.h"><Filter>network</Filter></ClInclude>
    <ClCompile Include="src\network\serverinfo.cpp"><Filter>network</Filter></ClCompile>
    <ClInclude Include="src\network\serverinfo.h"><Filter>network</Filter></ClInclude>
    <ClCompile Include="src\network\serverlisting.cpp"><Filter>network</Filter></ClCompile>
    <ClInclude Include="src\network\serverlisting.h"><Filter>network</Filter></ClInclude>
    <ClCompile Include="src\network\http_client.cpp"><Filter>network</Filter></ClCompile>
    <ClInclude Include="src\network\http_client.h"><Filter>network</Filter></ClInclude>
    <ClCompile Include="src\persistence\ban.cpp"><Filter>persistence</Filter></ClCompile>
    <ClInclude Include="src\persistence\ban.h"><Filter>persistence</Filter></ClInclude>
    <ClCompile Include="src\persistence\database.cpp"><Filter>persistence</Filter></ClCompile>
    <ClInclude Include="src\persistence\database.h"><Filter>persistence</Filter></ClInclude>
    <ClCompile Include="src\persistence\databasetasks.cpp"><Filter>persistence</Filter></ClCompile>
    <ClInclude Include="src\persistence\databasetasks.h"><Filter>persistence</Filter></ClInclude>
    <ClInclude Include="src\world\collision.h"><Filter>world</Filter></ClInclude>
    <ClCompile Include="src\world\map.cpp"><Filter>world</Filter></ClCompile>
    <ClInclude Include="src\world\map.h"><Filter>world</Filter></ClInclude>
    <ClCompile Include="src\world\mapimport.cpp"><Filter>world</Filter></ClCompile>
    <ClInclude Include="src\world\mapimport.h"><Filter>world</Filter></ClInclude>
    <ClCompile Include="src\world\mapsize.cpp"><Filter>world</Filter></ClCompile>
    <ClInclude Include="src\world\mapsize.h"><Filter>world</Filter></ClInclude>
    <ClCompile Include="src\world\placement.cpp"><Filter>world</Filter></ClCompile>
    <ClInclude Include="src\world\placement.h"><Filter>world</Filter></ClInclude>
    <ClCompile Include="src\world\structure.cpp"><Filter>world</Filter></ClCompile>
    <ClCompile Include="src\world\scenario_world.cpp"><Filter>world</Filter></ClCompile>
    <ClInclude Include="src\world\scenario_world.h"><Filter>world</Filter></ClInclude>
    <ClInclude Include="src\world\structure.h"><Filter>world</Filter></ClInclude>
    <ClCompile Include="src\world\thing.cpp"><Filter>world</Filter></ClCompile>
    <ClInclude Include="src\world\thing.h"><Filter>world</Filter></ClInclude>
    <ClInclude Include="src\world\tile.h"><Filter>world</Filter></ClInclude>
    <ClInclude Include="src\world\worldclock.h"><Filter>world</Filter></ClInclude>
    <ClInclude Include="src\world\worldgen.h"><Filter>world</Filter></ClInclude>
  </ItemGroup>
</Project>
